
Microsoft Visual Studio Solution File, Format Version 12.00
# Visual Studio 15
Project("{FAE04EC0-301F-11D3-BF4B-00C04F79EFBC}") = "Assembly-CSharp", "Assembly-CSharp.csproj", "{837D9218-445B-09E5-483B-46408AD4DABE}"
EndProject
Project("{FAE04EC0-301F-11D3-BF4B-00C04F79EFBC}") = "Assembly-CSharp-Editor", "Assembly-CSharp-Editor.csproj", "{12815C95-375C-02CC-B8C5-0C23C0CB0709}"
EndProject
Global
	GlobalSection(SolutionConfigurationPlatforms) = preSolution
		Debug|Any CPU = Debug|Any CPU
		Release|Any CPU = Release|Any CPU
	EndGlobalSection
	GlobalSection(ProjectConfigurationPlatforms) = postSolution
		{837D9218-445B-09E5-483B-46408AD4DABE}.Debug|Any CPU.ActiveCfg = Debug|Any CPU
		{837D9218-445B-09E5-483B-46408AD4DABE}.Debug|Any CPU.Build.0 = Debug|Any CPU
		{837D9218-445B-09E5-483B-46408AD4DABE}.Release|Any CPU.ActiveCfg = Release|Any CPU
		{837D9218-445B-09E5-483B-46408AD4DABE}.Release|Any CPU.Build.0 = Release|Any CPU
		{12815C95-375C-02CC-B8C5-0C23C0CB0709}.Debug|Any CPU.ActiveCfg = Debug|Any CPU
		{12815C95-375C-02CC-B8C5-0C23C0CB0709}.Debug|Any CPU.Build.0 = Debug|Any CPU
		{12815C95-375C-02CC-B8C5-0C23C0CB0709}.Release|Any CPU.ActiveCfg = Release|Any CPU
		{12815C95-375C-02CC-B8C5-0C23C0CB0709}.Release|Any CPU.Build.0 = Release|Any CPU
	EndGlobalSection
	GlobalSection(SolutionProperties) = preSolution
		HideSolutionNode = FALSE
	EndGlobalSection
EndGlobal
